
Microsoft Visual Studio Solution File, Format Version 12.00
# Visual Studio Version 16
VisualStudioVersion = 16.0.30330.147
MinimumVisualStudioVersion = 10.0.40219.1
Project("{FAE04EC0-301F-11D3-BF4B-00C04F79EFBC}") = "jenkins_t1", "jenkins_t1\jenkins_t1.csproj", "{930F1DBD-A3A6-4E60-BD93-2040E5FEE2EE}"
EndProject
Global
	GlobalSection(SolutionConfigurationPlatforms) = preSolution
		Debug|Any CPU = Debug|Any CPU
		Release|Any CPU = Release|Any CPU
	EndGlobalSection
	GlobalSection(ProjectConfigurationPlatforms) = postSolution
		{930F1DBD-A3A6-4E60-BD93-2040E5FEE2EE}.Debug|Any CPU.ActiveCfg = Debug|Any CPU
		{930F1DBD-A3A6-4E60-BD93-2040E5FEE2EE}.Debug|Any CPU.Build.0 = Debug|Any CPU
		{930F1DBD-A3A6-4E60-BD93-2040E5FEE2EE}.Release|Any CPU.ActiveCfg = Release|Any CPU
		{930F1DBD-A3A6-4E60-BD93-2040E5FEE2EE}.Release|Any CPU.Build.0 = Release|Any CPU
	EndGlobalSection
	GlobalSection(SolutionProperties) = preSolution
		HideSolutionNode = FALSE
	EndGlobalSection
	GlobalSection(ExtensibilityGlobals) = postSolution
		SolutionGuid = {227795D1-F8CC-4D5F-8C1D-FE4E1827266C}
	EndGlobalSection
EndGlobal
